
Microsoft Visual Studio Solution File, Format Version 12.00
# Visual Studio 15
VisualStudioVersion = 15.0.28010.2016
MinimumVisualStudioVersion = 10.0.40219.1
Project("{FAE04EC0-301F-11D3-BF4B-00C04F79EFBC}") = "MachinApp.Android", "MachinApp\MachinApp.Android\MachinApp.Android.csproj", "{F212BE26-2EB5-48A3-92FB-3AD91D1FC0C2}"
EndProject
Project("{FAE04EC0-301F-11D3-BF4B-00C04F79EFBC}") = "MachinApp.iOS", "MachinApp\MachinApp.iOS\MachinApp.iOS.csproj", "{509091A7-4087-4CAD-9A95-C40AC9117418}"
EndProject
Project("{FAE04EC0-301F-11D3-BF4B-00C04F79EFBC}") = "MachinApp", "MachinApp\MachinApp\MachinApp.csproj", "{45ADA1AE-EE70-4152-BAC4-9AA911D840C3}"
EndProject
Project("{FAE04EC0-301F-11D3-BF4B-00C04F79EFBC}") = "MachinApp.Backend", "MachinApp.Backend\MachinApp.Backend.csproj", "{44026368-7B54-48CA-9CA1-A506D37E956D}"
EndProject
Project("{FAE04EC0-301F-11D3-BF4B-00C04F79EFBC}") = "MachinApp.Domain", "MachinApp.Domain\MachinApp.Domain.csproj", "{ED312073-83A6-47C2-A0D9-7EF7BBC70F27}"
EndProject
Project("{FAE04EC0-301F-11D3-BF4B-00C04F79EFBC}") = "MachinApp.Common", "MachinApp.Common\MachinApp.Common.csproj", "{B011F31B-DD9B-4C89-A071-220BD741738E}"
EndProject
Project("{FAE04EC0-301F-11D3-BF4B-00C04F79EFBC}") = "MachinApp.Api", "MachinApp.Api\MachinApp.Api.csproj", "{B3BAB1A1-7614-43C8-9690-8EBBC1014F7B}"
EndProject
Global
	GlobalSection(SolutionConfigurationPlatforms) = preSolution
		Ad-Hoc|Any CPU = Ad-Hoc|Any CPU
		Ad-Hoc|iPhone = Ad-Hoc|iPhone
		Ad-Hoc|iPhoneSimulator = Ad-Hoc|iPhoneSimulator
		AppStore|Any CPU = AppStore|Any CPU
		AppStore|iPhone = AppStore|iPhone
		AppStore|iPhoneSimulator = AppStore|iPhoneSimulator
		Debug|Any CPU = Debug|Any CPU
		Debug|iPhone = Debug|iPhone
		Debug|iPhoneSimulator = Debug|iPhoneSimulator
		Release|Any CPU = Release|Any CPU
		Release|iPhone = Release|iPhone
		Release|iPhoneSimulator = Release|iPhoneSimulator
	EndGlobalSection
	GlobalSection(ProjectConfigurationPlatforms) = postSolution
		{F212BE26-2EB5-48A3-92FB-3AD91D1FC0C2}.Ad-Hoc|Any CPU.ActiveCfg = Release|Any CPU
		{F212BE26-2EB5-48A3-92FB-3AD91D1FC0C2}.Ad-Hoc|Any CPU.Build.0 = Release|Any CPU
		{F212BE26-2EB5-48A3-92FB-3AD91D1FC0C2}.Ad-Hoc|Any CPU.Deploy.0 = Release|Any CPU
		{F212BE26-2EB5-48A3-92FB-3AD91D1FC0C2}.Ad-Hoc|iPhone.ActiveCfg = Release|Any CPU
		{F212BE26-2EB5-48A3-92FB-3AD91D1FC0C2}.Ad-Hoc|iPhone.Build.0 = Release|Any CPU
		{F212BE26-2EB5-48A3-92FB-3AD91D1FC0C2}.Ad-Hoc|iPhone.Deploy.0 = Release|Any CPU
		{F212BE26-2EB5-48A3-92FB-3AD91D1FC0C2}.Ad-Hoc|iPhoneSimulator.ActiveCfg = Release|Any CPU
		{F212BE26-2EB5-48A3-92FB-3AD91D1FC0C2}.Ad-Hoc|iPhoneSimulator.Build.0 = Release|Any CPU
		{F212BE26-2EB5-48A3-92FB-3AD91D1FC0C2}.Ad-Hoc|iPhoneSimulator.Deploy.0 = Release|Any CPU
		{F212BE26-2EB5-48A3-92FB-3AD91D1FC0C2}.AppStore|Any CPU.ActiveCfg = Release|Any CPU
		{F212BE26-2EB5-48A3-92FB-3AD91D1FC0C2}.AppStore|Any CPU.Build.0 = Release|Any CPU
		{F212BE26-2EB5-48A3-92FB-3AD91D1FC0C2}.AppStore|Any CPU.Deploy.0 = Release|Any CPU
		{F212BE26-2EB5-48A3-92FB-3AD91D1FC0C2}.AppStore|iPhone.ActiveCfg = Release|Any CPU
		{F212BE26-2EB5-48A3-92FB-3AD91D1FC0C2}.AppStore|iPhone.Build.0 = Release|Any CPU
		{F212BE26-2EB5-48A3-92FB-3AD91D1FC0C2}.AppStore|iPhone.Deploy.0 = Release|Any CPU
		{F212BE26-2EB5-48A3-92FB-3AD91D1FC0C2}.AppStore|iPhoneSimulator.ActiveCfg = Release|Any CPU
		{F212BE26-2EB5-48A3-92FB-3AD91D1FC0C2}.AppStore|iPhoneSimulator.Build.0 = Release|Any CPU
		{F212BE26-2EB5-48A3-92FB-3AD91D1FC0C2}.AppStore|iPhoneSimulator.Deploy.0 = Release|Any CPU
		{F212BE26-2EB5-48A3-92FB-3AD91D1FC0C2}.Debug|Any CPU.ActiveCfg = Debug|Any CPU
		{F212BE26-2EB5-48A3-92FB-3AD91D1FC0C2}.Debug|Any CPU.Build.0 = Debug|Any CPU
		{F212BE26-2EB5-48A3-92FB-3AD91D1FC0C2}.Debug|Any CPU.Deploy.0 = Debug|Any CPU
		{F212BE26-2EB5-48A3-92FB-3AD91D1FC0C2}.Debug|iPhone.ActiveCfg = Debug|Any CPU
		{F212BE26-2EB5-48A3-92FB-3AD91D1FC0C2}.Debug|iPhone.Build.0 = Debug|Any CPU
		{F212BE26-2EB5-48A3-92FB-3AD91D1FC0C2}.Debug|iPhone.Deploy.0 = Debug|Any CPU
		{F212BE26-2EB5-48A3-92FB-3AD91D1FC0C2}.Debug|iPhoneSimulator.ActiveCfg = Debug|Any CPU
		{F212BE26-2EB5-48A3-92FB-3AD91D1FC0C2}.Debug|iPhoneSimulator.Build.0 = Debug|Any CPU
		{F212BE26-2EB5-48A3-92FB-3AD91D1FC0C2}.Debug|iPhoneSimulator.Deploy.0 = Debug|Any CPU
		{F212BE26-2EB5-48A3-92FB-3AD91D1FC0C2}.Release|Any CPU.ActiveCfg = Release|Any CPU
		{F212BE26-2EB5-48A3-92FB-3AD91D1FC0C2}.Release|Any CPU.Build.0 = Release|Any CPU
		{F212BE26-2EB5-48A3-92FB-3AD91D1FC0C2}.Release|Any CPU.Deploy.0 = Release|Any CPU
		{F212BE26-2EB5-48A3-92FB-3AD91D1FC0C2}.Release|iPhone.ActiveCfg = Release|Any CPU
		{F212BE26-2EB5-48A3-92FB-3AD91D1FC0C2}.Release|iPhone.Build.0 = Release|Any CPU
		{F212BE26-2EB5-48A3-92FB-3AD91D1FC0C2}.Release|iPhone.Deploy.0 = Release|Any CPU
		{F212BE26-2EB5-48A3-92FB-3AD91D1FC0C2}.Release|iPhoneSimulator.ActiveCfg = Release|Any CPU
		{F212BE26-2EB5-48A3-92FB-3AD91D1FC0C2}.Release|iPhoneSimulator.Build.0 = Release|Any CPU
		{F212BE26-2EB5-48A3-92FB-3AD91D1FC0C2}.Release|iPhoneSimulator.Deploy.0 = Release|Any CPU
		{509091A7-4087-4CAD-9A95-C40AC9117418}.Ad-Hoc|Any CPU.ActiveCfg = Ad-Hoc|iPhone
		{509091A7-4087-4CAD-9A95-C40AC9117418}.Ad-Hoc|Any CPU.Build.0 = Ad-Hoc|iPhone
		{509091A7-4087-4CAD-9A95-C40AC9117418}.Ad-Hoc|Any CPU.Deploy.0 = Ad-Hoc|iPhone
		{509091A7-4087-4CAD-9A95-C40AC9117418}.Ad-Hoc|iPhone.ActiveCfg = Ad-Hoc|iPhone
		{509091A7-4087-4CAD-9A95-C40AC9117418}.Ad-Hoc|iPhone.Build.0 = Ad-Hoc|iPhone
		{509091A7-4087-4CAD-9A95-C40AC9117418}.Ad-Hoc|iPhone.Deploy.0 = Ad-Hoc|iPhone
		{509091A7-4087-4CAD-9A95-C40AC9117418}.Ad-Hoc|iPhoneSimulator.ActiveCfg = Ad-Hoc|iPhoneSimulator
		{509091A7-4087-4CAD-9A95-C40AC9117418}.Ad-Hoc|iPhoneSimulator.Build.0 = Ad-Hoc|iPhoneSimulator
		{509091A7-4087-4CAD-9A95-C40AC9117418}.Ad-Hoc|iPhoneSimulator.Deploy.0 = Ad-Hoc|iPhoneSimulator
		{509091A7-4087-4CAD-9A95-C40AC9117418}.AppStore|Any CPU.ActiveCfg = AppStore|iPhone
		{509091A7-4087-4CAD-9A95-C40AC9117418}.AppStore|Any CPU.Build.0 = AppStore|iPhone
		{509091A7-4087-4CAD-9A95-C40AC9117418}.AppStore|Any CPU.Deploy.0 = AppStore|iPhone
		{509091A7-4087-4CAD-9A95-C40AC9117418}.AppStore|iPhone.ActiveCfg = AppStore|iPhone
		{509091A7-4087-4CAD-9A95-C40AC9117418}.AppStore|iPhone.Build.0 = AppStore|iPhone
		{509091A7-4087-4CAD-9A95-C40AC9117418}.AppStore|iPhone.Deploy.0 = AppStore|iPhone
		{509091A7-4087-4CAD-9A95-C40AC9117418}.AppStore|iPhoneSimulator.ActiveCfg = AppStore|iPhoneSimulator
		{509091A7-4087-4CAD-9A95-C40AC9117418}.AppStore|iPhoneSimulator.Build.0 = AppStore|iPhoneSimulator
		{509091A7-4087-4CAD-9A95-C40AC9117418}.AppStore|iPhoneSimulator.Deploy.0 = AppStore|iPhoneSimulator
		{509091A7-4087-4CAD-9A95-C40AC9117418}.Debug|Any CPU.ActiveCfg = Debug|iPhoneSimulator
		{509091A7-4087-4CAD-9A95-C40AC9117418}.Debug|Any CPU.Build.0 = Debug|iPhoneSimulator
		{509091A7-4087-4CAD-9A95-C40AC9117418}.Debug|Any CPU.Deploy.0 = Debug|iPhoneSimulator
		{509091A7-4087-4CAD-9A95-C40AC9117418}.Debug|iPhone.ActiveCfg = Debug|iPhone
		{509091A7-4087-4CAD-9A95-C40AC9117418}.Debug|iPhone.Build.0 = Debug|iPhone
		{509091A7-4087-4CAD-9A95-C40AC9117418}.Debug|iPhone.Deploy.0 = Debug|iPhone
		{509091A7-4087-4CAD-9A95-C40AC9117418}.Debug|iPhoneSimulator.ActiveCfg = Debug|iPhoneSimulator
		{509091A7-4087-4CAD-9A95-C40AC9117418}.Debug|iPhoneSimulator.Build.0 = Debug|iPhoneSimulator
		{509091A7-4087-4CAD-9A95-C40AC9117418}.Debug|iPhoneSimulator.Deploy.0 = Debug|iPhoneSimulator
		{509091A7-4087-4CAD-9A95-C40AC9117418}.Release|Any CPU.ActiveCfg = Release|iPhone
		{509091A7-4087-4CAD-9A95-C40AC9117418}.Release|Any CPU.Build.0 = Release|iPhone
		{509091A7-4087-4CAD-9A95-C40AC9117418}.Release|Any CPU.Deploy.0 = Release|iPhone
		{509091A7-4087-4CAD-9A95-C40AC9117418}.Release|iPhone.ActiveCfg = Release|iPhone
		{509091A7-4087-4CAD-9A95-C40AC9117418}.Release|iPhone.Build.0 = Release|iPhone
		{509091A7-4087-4CAD-9A95-C40AC9117418}.Release|iPhone.Deploy.0 = Release|iPhone
		{509091A7-4087-4CAD-9A95-C40AC9117418}.Release|iPhoneSimulator.ActiveCfg = Release|iPhoneSimulator
		{509091A7-4087-4CAD-9A95-C40AC9117418}.Release|iPhoneSimulator.Build.0 = Release|iPhoneSimulator
		{509091A7-4087-4CAD-9A95-C40AC9117418}.Release|iPhoneSimulator.Deploy.0 = Release|iPhoneSimulator
		{45ADA1AE-EE70-4152-BAC4-9AA911D840C3}.Ad-Hoc|Any CPU.ActiveCfg = Debug|Any CPU
		{45ADA1AE-EE70-4152-BAC4-9AA911D840C3}.Ad-Hoc|Any CPU.Build.0 = Debug|Any CPU
		{45ADA1AE-EE70-4152-BAC4-9AA911D840C3}.Ad-Hoc|Any CPU.Deploy.0 = Debug|Any CPU
		{45ADA1AE-EE70-4152-BAC4-9AA911D840C3}.Ad-Hoc|iPhone.ActiveCfg = Debug|Any CPU
		{45ADA1AE-EE70-4152-BAC4-9AA911D840C3}.Ad-Hoc|iPhone.Build.0 = Debug|Any CPU
		{45ADA1AE-EE70-4152-BAC4-9AA911D840C3}.Ad-Hoc|iPhone.Deploy.0 = Debug|Any CPU
		{45ADA1AE-EE70-4152-BAC4-9AA911D840C3}.Ad-Hoc|iPhoneSimulator.ActiveCfg = Debug|Any CPU
		{45ADA1AE-EE70-4152-BAC4-9AA911D840C3}.Ad-Hoc|iPhoneSimulator.Build.0 = Debug|Any CPU
		{45ADA1AE-EE70-4152-BAC4-9AA911D840C3}.Ad-Hoc|iPhoneSimulator.Deploy.0 = Debug|Any CPU
		{45ADA1AE-EE70-4152-BAC4-9AA911D840C3}.AppStore|Any CPU.ActiveCfg = Debug|Any CPU
		{45ADA1AE-EE70-4152-BAC4-9AA911D840C3}.AppStore|Any CPU.Build.0 = Debug|Any CPU
		{45ADA1AE-EE70-4152-BAC4-9AA911D840C3}.AppStore|Any CPU.Deploy.0 = Debug|Any CPU
		{45ADA1AE-EE70-4152-BAC4-9AA911D840C3}.AppStore|iPhone.ActiveCfg = Debug|Any CPU
		{45ADA1AE-EE70-4152-BAC4-9AA911D840C3}.AppStore|iPhone.Build.0 = Debug|Any CPU
		{45ADA1AE-EE70-4152-BAC4-9AA911D840C3}.AppStore|iPhone.Deploy.0 = Debug|Any CPU
		{45ADA1AE-EE70-4152-BAC4-9AA911D840C3}.AppStore|iPhoneSimulator.ActiveCfg = Debug|Any CPU
		{45ADA1AE-EE70-4152-BAC4-9AA911D840C3}.AppStore|iPhoneSimulator.Build.0 = Debug|Any CPU
		{45ADA1AE-EE70-4152-BAC4-9AA911D840C3}.AppStore|iPhoneSimulator.Deploy.0 = Debug|Any CPU
		{45ADA1AE-EE70-4152-BAC4-9AA911D840C3}.Debug|Any CPU.ActiveCfg = Debug|Any CPU
		{45ADA1AE-EE70-4152-BAC4-9AA911D840C3}.Debug|Any CPU.Build.0 = Debug|Any CPU
		{45ADA1AE-EE70-4152-BAC4-9AA911D840C3}.Debug|Any CPU.Deploy.0 = Debug|Any CPU
		{45ADA1AE-EE70-4152-BAC4-9AA911D840C3}.Debug|iPhone.ActiveCfg = Debug|Any CPU
		{45ADA1AE-EE70-4152-BAC4-9AA911D840C3}.Debug|iPhone.Build.0 = Debug|Any CPU
		{45ADA1AE-EE70-4152-BAC4-9AA911D840C3}.Debug|iPhone.Deploy.0 = Debug|Any CPU
		{45ADA1AE-EE70-4152-BAC4-9AA911D840C3}.Debug|iPhoneSimulator.ActiveCfg = Debug|Any CPU
		{45ADA1AE-EE70-4152-BAC4-9AA911D840C3}.Debug|iPhoneSimulator.Build.0 = Debug|Any CPU
		{45ADA1AE-EE70-4152-BAC4-9AA911D840C3}.Debug|iPhoneSimulator.Deploy.0 = Debug|Any CPU
		{45ADA1AE-EE70-4152-BAC4-9AA911D840C3}.Release|Any CPU.ActiveCfg = Release|Any CPU
		{45ADA1AE-EE70-4152-BAC4-9AA911D840C3}.Release|Any CPU.Build.0 = Release|Any CPU
		{45ADA1AE-EE70-4152-BAC4-9AA911D840C3}.Release|Any CPU.Deploy.0 = Release|Any CPU
		{45ADA1AE-EE70-4152-BAC4-9AA911D840C3}.Release|iPhone.ActiveCfg = Release|Any CPU
		{45ADA1AE-EE70-4152-BAC4-9AA911D840C3}.Release|iPhone.Build.0 = Release|Any CPU
		{45ADA1AE-EE70-4152-BAC4-9AA911D840C3}.Release|iPhone.Deploy.0 = Release|Any CPU
		{45ADA1AE-EE70-4152-BAC4-9AA911D840C3}.Release|iPhoneSimulator.ActiveCfg = Release|Any CPU
		{45ADA1AE-EE70-4152-BAC4-9AA911D840C3}.Release|iPhoneSimulator.Build.0 = Release|Any CPU
		{45ADA1AE-EE70-4152-BAC4-9AA911D840C3}.Release|iPhoneSimulator.Deploy.0 = Release|Any CPU
		{44026368-7B54-48CA-9CA1-A506D37E956D}.Ad-Hoc|Any CPU.ActiveCfg = Release|Any CPU
		{44026368-7B54-48CA-9CA1-A506D37E956D}.Ad-Hoc|Any CPU.Build.0 = Release|Any CPU
		{44026368-7B54-48CA-9CA1-A506D37E956D}.Ad-Hoc|iPhone.ActiveCfg = Release|Any CPU
		{44026368-7B54-48CA-9CA1-A506D37E956D}.Ad-Hoc|iPhone.Build.0 = Release|Any CPU
		{44026368-7B54-48CA-9CA1-A506D37E956D}.Ad-Hoc|iPhoneSimulator.ActiveCfg = Release|Any CPU
		{44026368-7B54-48CA-9CA1-A506D37E956D}.Ad-Hoc|iPhoneSimulator.Build.0 = Release|Any CPU
		{44026368-7B54-48CA-9CA1-A506D37E956D}.AppStore|Any CPU.ActiveCfg = Release|Any CPU
		{44026368-7B54-48CA-9CA1-A506D37E956D}.AppStore|Any CPU.Build.0 = Release|Any CPU
		{44026368-7B54-48CA-9CA1-A506D37E956D}.AppStore|iPhone.ActiveCfg = Release|Any CPU
		{44026368-7B54-48CA-9CA1-A506D37E956D}.AppStore|iPhone.Build.0 = Release|Any CPU
		{44026368-7B54-48CA-9CA1-A506D37E956D}.AppStore|iPhoneSimulator.ActiveCfg = Release|Any CPU
		{44026368-7B54-48CA-9CA1-A506D37E956D}.AppStore|iPhoneSimulator.Build.0 = Release|Any CPU
		{44026368-7B54-48CA-9CA1-A506D37E956D}.Debug|Any CPU.ActiveCfg = Debug|Any CPU
		{44026368-7B54-48CA-9CA1-A506D37E956D}.Debug|Any CPU.Build.0 = Debug|Any CPU
		{44026368-7B54-48CA-9CA1-A506D37E956D}.Debug|iPhone.ActiveCfg = Debug|Any CPU
		{44026368-7B54-48CA-9CA1-A506D37E956D}.Debug|iPhone.Build.0 = Debug|Any CPU
		{44026368-7B54-48CA-9CA1-A506D37E956D}.Debug|iPhoneSimulator.ActiveCfg = Debug|Any CPU
		{44026368-7B54-48CA-9CA1-A506D37E956D}.Debug|iPhoneSimulator.Build.0 = Debug|Any CPU
		{44026368-7B54-48CA-9CA1-A506D37E956D}.Release|Any CPU.ActiveCfg = Release|Any CPU
		{44026368-7B54-48CA-9CA1-A506D37E956D}.Release|Any CPU.Build.0 = Release|Any CPU
		{44026368-7B54-48CA-9CA1-A506D37E956D}.Release|iPhone.ActiveCfg = Release|Any CPU
		{44026368-7B54-48CA-9CA1-A506D37E956D}.Release|iPhone.Build.0 = Release|Any CPU
		{44026368-7B54-48CA-9CA1-A506D37E956D}.Release|iPhoneSimulator.ActiveCfg = Release|Any CPU
		{44026368-7B54-48CA-9CA1-A506D37E956D}.Release|iPhoneSimulator.Build.0 = Release|Any CPU
		{ED312073-83A6-47C2-A0D9-7EF7BBC70F27}.Ad-Hoc|Any CPU.ActiveCfg = Release|Any CPU
		{ED312073-83A6-47C2-A0D9-7EF7BBC70F27}.Ad-Hoc|Any CPU.Build.0 = Release|Any CPU
		{ED312073-83A6-47C2-A0D9-7EF7BBC70F27}.Ad-Hoc|iPhone.ActiveCfg = Release|Any CPU
		{ED312073-83A6-47C2-A0D9-7EF7BBC70F27}.Ad-Hoc|iPhone.Build.0 = Release|Any CPU
		{ED312073-83A6-47C2-A0D9-7EF7BBC70F27}.Ad-Hoc|iPhoneSimulator.ActiveCfg = Release|Any CPU
		{ED312073-83A6-47C2-A0D9-7EF7BBC70F27}.Ad-Hoc|iPhoneSimulator.Build.0 = Release|Any CPU
		{ED312073-83A6-47C2-A0D9-7EF7BBC70F27}.AppStore|Any CPU.ActiveCfg = Release|Any CPU
		{ED312073-83A6-47C2-A0D9-7EF7BBC70F27}.AppStore|Any CPU.Build.0 = Release|Any CPU
		{ED312073-83A6-47C2-A0D9-7EF7BBC70F27}.AppStore|iPhone.ActiveCfg = Release|Any CPU
		{ED312073-83A6-47C2-A0D9-7EF7BBC70F27}.AppStore|iPhone.Build.0 = Release|Any CPU
		{ED312073-83A6-47C2-A0D9-7EF7BBC70F27}.AppStore|iPhoneSimulator.ActiveCfg = Release|Any CPU
		{ED312073-83A6-47C2-A0D9-7EF7BBC70F27}.AppStore|iPhoneSimulator.Build.0 = Release|Any CPU
		{ED312073-83A6-47C2-A0D9-7EF7BBC70F27}.Debug|Any CPU.ActiveCfg = Debug|Any CPU
		{ED312073-83A6-47C2-A0D9-7EF7BBC70F27}.Debug|Any CPU.Build.0 = Debug|Any CPU
		{ED312073-83A6-47C2-A0D9-7EF7BBC70F27}.Debug|iPhone.ActiveCfg = Debug|Any CPU
		{ED312073-83A6-47C2-A0D9-7EF7BBC70F27}.Debug|iPhone.Build.0 = Debug|Any CPU
		{ED312073-83A6-47C2-A0D9-7EF7BBC70F27}.Debug|iPhoneSimulator.ActiveCfg = Debug|Any CPU
		{ED312073-83A6-47C2-A0D9-7EF7BBC70F27}.Debug|iPhoneSimulator.Build.0 = Debug|Any CPU
		{ED312073-83A6-47C2-A0D9-7EF7BBC70F27}.Release|Any CPU.ActiveCfg = Release|Any CPU
		{ED312073-83A6-47C2-A0D9-7EF7BBC70F27}.Release|Any CPU.Build.0 = Release|Any CPU
		{ED312073-83A6-47C2-A0D9-7EF7BBC70F27}.Release|iPhone.ActiveCfg = Release|Any CPU
		{ED312073-83A6-47C2-A0D9-7EF7BBC70F27}.Release|iPhone.Build.0 = Release|Any CPU
		{ED312073-83A6-47C2-A0D9-7EF7BBC70F27}.Release|iPhoneSimulator.ActiveCfg = Release|Any CPU
		{ED312073-83A6-47C2-A0D9-7EF7BBC70F27}.Release|iPhoneSimulator.Build.0 = Release|Any CPU
		{B011F31B-DD9B-4C89-A071-220BD741738E}.Ad-Hoc|Any CPU.ActiveCfg = Release|Any CPU
		{B011F31B-DD9B-4C89-A071-220BD741738E}.Ad-Hoc|Any CPU.Build.0 = Release|Any CPU
		{B011F31B-DD9B-4C89-A071-220BD741738E}.Ad-Hoc|iPhone.ActiveCfg = Release|Any CPU
		{B011F31B-DD9B-4C89-A071-220BD741738E}.Ad-Hoc|iPhone.Build.0 = Release|Any CPU
		{B011F31B-DD9B-4C89-A071-220BD741738E}.Ad-Hoc|iPhoneSimulator.ActiveCfg = Release|Any CPU
		{B011F31B-DD9B-4C89-A071-220BD741738E}.Ad-Hoc|iPhoneSimulator.Build.0 = Release|Any CPU
		{B011F31B-DD9B-4C89-A071-220BD741738E}.AppStore|Any CPU.ActiveCfg = Release|Any CPU
		{B011F31B-DD9B-4C89-A071-220BD741738E}.AppStore|Any CPU.Build.0 = Release|Any CPU
		{B011F31B-DD9B-4C89-A071-220BD741738E}.AppStore|iPhone.ActiveCfg = Release|Any CPU
		{B011F31B-DD9B-4C89-A071-220BD741738E}.AppStore|iPhone.Build.0 = Release|Any CPU
		{B011F31B-DD9B-4C89-A071-220BD741738E}.AppStore|iPhoneSimulator.ActiveCfg = Release|Any CPU
		{B011F31B-DD9B-4C89-A071-220BD741738E}.AppStore|iPhoneSimulator.Build.0 = Release|Any CPU
		{B011F31B-DD9B-4C89-A071-220BD741738E}.Debug|Any CPU.ActiveCfg = Debug|Any CPU
		{B011F31B-DD9B-4C89-A071-220BD741738E}.Debug|Any CPU.Build.0 = Debug|Any CPU
		{B011F31B-DD9B-4C89-A071-220BD741738E}.Debug|iPhone.ActiveCfg = Debug|Any CPU
		{B011F31B-DD9B-4C89-A071-220BD741738E}.Debug|iPhone.Build.0 = Debug|Any CPU
		{B011F31B-DD9B-4C89-A071-220BD741738E}.Debug|iPhoneSimulator.ActiveCfg = Debug|Any CPU
		{B011F31B-DD9B-4C89-A071-220BD741738E}.Debug|iPhoneSimulator.Build.0 = Debug|Any CPU
		{B011F31B-DD9B-4C89-A071-220BD741738E}.Release|Any CPU.ActiveCfg = Release|Any CPU
		{B011F31B-DD9B-4C89-A071-220BD741738E}.Release|Any CPU.Build.0 = Release|Any CPU
		{B011F31B-DD9B-4C89-A071-220BD741738E}.Release|iPhone.ActiveCfg = Release|Any CPU
		{B011F31B-DD9B-4C89-A071-220BD741738E}.Release|iPhone.Build.0 = Release|Any CPU
		{B011F31B-DD9B-4C89-A071-220BD741738E}.Release|iPhoneSimulator.ActiveCfg = Release|Any CPU
		{B011F31B-DD9B-4C89-A071-220BD741738E}.Release|iPhoneSimulator.Build.0 = Release|Any CPU
		{B3BAB1A1-7614-43C8-9690-8EBBC1014F7B}.Ad-Hoc|Any CPU.ActiveCfg = Release|Any CPU
		{B3BAB1A1-7614-43C8-9690-8EBBC1014F7B}.Ad-Hoc|Any CPU.Build.0 = Release|Any CPU
		{B3BAB1A1-7614-43C8-9690-8EBBC1014F7B}.Ad-Hoc|iPhone.ActiveCfg = Release|Any CPU
		{B3BAB1A1-7614-43C8-9690-8EBBC1014F7B}.Ad-Hoc|iPhone.Build.0 = Release|Any CPU
		{B3BAB1A1-7614-43C8-9690-8EBBC1014F7B}.Ad-Hoc|iPhoneSimulator.ActiveCfg = Release|Any CPU
		{B3BAB1A1-7614-43C8-9690-8EBBC1014F7B}.Ad-Hoc|iPhoneSimulator.Build.0 = Release|Any CPU
		{B3BAB1A1-7614-43C8-9690-8EBBC1014F7B}.AppStore|Any CPU.ActiveCfg = Release|Any CPU
		{B3BAB1A1-7614-43C8-9690-8EBBC1014F7B}.AppStore|Any CPU.Build.0 = Release|Any CPU
		{B3BAB1A1-7614-43C8-9690-8EBBC1014F7B}.AppStore|iPhone.ActiveCfg = Release|Any CPU
		{B3BAB1A1-7614-43C8-9690-8EBBC1014F7B}.AppStore|iPhone.Build.0 = Release|Any CPU
		{B3BAB1A1-7614-43C8-9690-8EBBC1014F7B}.AppStore|iPhoneSimulator.ActiveCfg = Release|Any CPU
		{B3BAB1A1-7614-43C8-9690-8EBBC1014F7B}.AppStore|iPhoneSimulator.Build.0 = Release|Any CPU
		{B3BAB1A1-7614-43C8-9690-8EBBC1014F7B}.Debug|Any CPU.ActiveCfg = Debug|Any CPU
		{B3BAB1A1-7614-43C8-9690-8EBBC1014F7B}.Debug|Any CPU.Build.0 = Debug|Any CPU
		{B3BAB1A1-7614-43C8-9690-8EBBC1014F7B}.Debug|iPhone.ActiveCfg = Debug|Any CPU
		{B3BAB1A1-7614-43C8-9690-8EBBC1014F7B}.Debug|iPhone.Build.0 = Debug|Any CPU
		{B3BAB1A1-7614-43C8-9690-8EBBC1014F7B}.Debug|iPhoneSimulator.ActiveCfg = Debug|Any CPU
		{B3BAB1A1-7614-43C8-9690-8EBBC1014F7B}.Debug|iPhoneSimulator.Build.0 = Debug|Any CPU
		{B3BAB1A1-7614-43C8-9690-8EBBC1014F7B}.Release|Any CPU.ActiveCfg = Release|Any CPU
		{B3BAB1A1-7614-43C8-9690-8EBBC1014F7B}.Release|Any CPU.Build.0 = Release|Any CPU
		{B3BAB1A1-7614-43C8-9690-8EBBC1014F7B}.Release|iPhone.ActiveCfg = Release|Any CPU
		{B3BAB1A1-7614-43C8-9690-8EBBC1014F7B}.Release|iPhone.Build.0 = Release|Any CPU
		{B3BAB1A1-7614-43C8-9690-8EBBC1014F7B}.Release|iPhoneSimulator.ActiveCfg = Release|Any CPU
		{B3BAB1A1-7614-43C8-9690-8EBBC1014F7B}.Release|iPhoneSimulator.Build.0 = Release|Any CPU
	EndGlobalSection
	GlobalSection(SolutionProperties) = preSolution
		HideSolutionNode = FALSE
	EndGlobalSection
	GlobalSection(ExtensibilityGlobals) = postSolution
		SolutionGuid = {6059540B-6D73-4A15-BF7E-0948B232F163}
	EndGlobalSection
EndGlobal
